
Microsoft Visual Studio Solution File, Format Version 12.00
# Visual Studio Version 17
VisualStudioVersion = 17.1.32210.238
MinimumVisualStudioVersion = 10.0.40219.1
Project("{FAE04EC0-301F-11D3-BF4B-00C04F79EFBC}") = "Nocturnal V3", "Nocturnal V3\Nocturnal V3.csproj", "{387BED59-1491-4AFD-A2D3-394687BC5057}"
EndProject
Global
	GlobalSection(SolutionConfigurationPlatforms) = preSolution
		Debug|Any CPU = Debug|Any CPU
		Release|Any CPU = Release|Any CPU
	EndGlobalSection
	GlobalSection(ProjectConfigurationPlatforms) = postSolution
		{387BED59-1491-4AFD-A2D3-394687BC5057}.Debug|Any CPU.ActiveCfg = Debug|Any CPU
		{387BED59-1491-4AFD-A2D3-394687BC5057}.Debug|Any CPU.Build.0 = Debug|Any CPU
		{387BED59-1491-4AFD-A2D3-394687BC5057}.Release|Any CPU.ActiveCfg = Release|Any CPU
		{387BED59-1491-4AFD-A2D3-394687BC5057}.Release|Any CPU.Build.0 = Release|Any CPU
	EndGlobalSection
	GlobalSection(SolutionProperties) = preSolution
		HideSolutionNode = FALSE
	EndGlobalSection
	GlobalSection(ExtensibilityGlobals) = postSolution
		SolutionGuid = {016FDCE3-3F91-4224-9019-F662ADD249DA}
	EndGlobalSection
EndGlobal
